// !$*UTF8*$!
{
	archiveVersion = 1;
	classes = {
	};
	objectVersion = 55;
	objects = {

/* Begin PBXBuildFile section */
		A5DB570E27BE6F62000216B4 /* AppDelegate.swift in Sources */ = {isa = PBXBuildFile; fileRef = A5DB570D27BE6F62000216B4 /* AppDelegate.swift */; };
		A5DB571027BE6F62000216B4 /* SceneDelegate.swift in Sources */ = {isa = PBXBuildFile; fileRef = A5DB570F27BE6F62000216B4 /* SceneDelegate.swift */; };
		A5DB571227BE6F62000216B4 /* ViewController.swift in Sources */ = {isa = PBXBuildFile; fileRef = A5DB571127BE6F62000216B4 /* ViewController.swift */; };
		A5DB571527BE6F62000216B4 /* Main.storyboard in Resources */ = {isa = PBXBuildFile; fileRef = A5DB571327BE6F62000216B4 /* Main.storyboard */; };
		A5DB571727BE6F62000216B4 /* Assets.xcassets in Resources */ = {isa = PBXBuildFile; fileRef = A5DB571627BE6F62000216B4 /* Assets.xcassets */; };
		A5DB571A27BE6F62000216B4 /* LaunchScreen.storyboard in Resources */ = {isa = PBXBuildFile; fileRef = A5DB571827BE6F62000216B4 /* LaunchScreen.storyboard */; };
		A5DB572527BE6F63000216B4 /* NumberDemoTests.swift in Sources */ = {isa = PBXBuildFile; fileRef = A5DB572427BE6F63000216B4 /* NumberDemoTests.swift */; };
		A5DB572F27BE6F63000216B4 /* NumberDemoUITests.swift in Sources */ = {isa = PBXBuildFile; fileRef = A5DB572E27BE6F63000216B4 /* NumberDemoUITests.swift */; };
		A5DB573127BE6F63000216B4 /* NumberDemoUITestsLaunchTests.swift in Sources */ = {isa = PBXBuildFile; fileRef = A5DB573027BE6F63000216B4 /* NumberDemoUITestsLaunchTests.swift */; };
/* End PBXBuildFile section */

/* Begin PBXContainerItemProxy section */
		A5DB572127BE6F63000216B4 /* PBXContainerItemProxy */ = {
			isa = PBXContainerItemProxy;
			containerPortal = A5DB570227BE6F62000216B4 /* Project object */;
			proxyType = 1;
			remoteGlobalIDString = A5DB570927BE6F62000216B4;
			remoteInfo = NumberDemo;
		};
		A5DB572B27BE6F63000216B4 /* PBXContainerItemProxy */ = {
			isa = PBXContainerItemProxy;
			containerPortal = A5DB570227BE6F62000216B4 /* Project object */;
			proxyType = 1;
			remoteGlobalIDString = A5DB570927BE6F62000216B4;
			remoteInfo = NumberDemo;
		};
/* End PBXContainerItemProxy section */

/* Begin PBXFileReference section */
		A5DB570A27BE6F62000216B4 /* NumberDemo.app */ = {isa = PBXFileReference; explicitFileType = wrapper.application; includeInIndex = 0; path = NumberDemo.app; sourceTree = BUILT_PRODUCTS_DIR; };
		A5DB570D27BE6F62000216B4 /* AppDelegate.swift */ = {isa = PBXFileReference; lastKnownFileType = sourcecode.swift; path = AppDelegate.swift; sourceTree = "<group>"; };
		A5DB570F27BE6F62000216B4 /* SceneDelegate.swift */ = {isa = PBXFileReference; lastKnownFileType = sourcecode.swift; path = SceneDelegate.swift; sourceTree = "<group>"; };
		A5DB571127BE6F62000216B4 /* ViewController.swift */ = {isa = PBXFileReference; lastKnownFileType = sourcecode.swift; path = ViewController.swift; sourceTree = "<group>"; };
		A5DB571427BE6F62000216B4 /* Base */ = {isa = PBXFileReference; lastKnownFileType = file.storyboard; name = Base; path = Base.lproj/Main.storyboard; sourceTree = "<group>"; };
		A5DB571627BE6F62000216B4 /* Assets.xcassets */ = {isa = PBXFileReference; lastKnownFileType = folder.assetcatalog; path = Assets.xcassets; sourceTree = "<group>"; };
		A5DB571927BE6F62000216B4 /* Base */ = {isa = PBXFileReference; lastKnownFileType = file.storyboard; name = Base; path = Base.lproj/LaunchScreen.storyboard; sourceTree = "<group>"; };
		A5DB571B27BE6F62000216B4 /* Info.plist */ = {isa = PBXFileReference; lastKnownFileType = text.plist.xml; path = Info.plist; sourceTree = "<group>"; };
		A5DB572027BE6F63000216B4 /* NumberDemoTests.xctest */ = {isa = PBXFileReference; explicitFileType = wrapper.cfbundle; includeInIndex = 0; path = NumberDemoTests.xctest; sourceTree = BUILT_PRODUCTS_DIR; };
		A5DB572427BE6F63000216B4 /* NumberDemoTests.swift */ = {isa = PBXFileReference; lastKnownFileType = sourcecode.swift; path = NumberDemoTests.swift; sourceTree = "<group>"; };
		A5DB572A27BE6F63000216B4 /* NumberDemoUITests.xctest */ = {isa = PBXFileReference; explicitFileType = wrapper.cfbundle; includeInIndex = 0; path = NumberDemoUITests.xctest; sourceTree = BUILT_PRODUCTS_DIR; };
		A5DB572E27BE6F63000216B4 /* NumberDemoUITests.swift */ = {isa = PBXFileReference; lastKnownFileType = sourcecode.swift; path = NumberDemoUITests.swift; sourceTree = "<group>"; };
		A5DB573027BE6F63000216B4 /* NumberDemoUITestsLaunchTests.swift */ = {isa = PBXFileReference; lastKnownFileType = sourcecode.swift; path = NumberDemoUITestsLaunchTests.swift; sourceTree = "<group>"; };
/* End PBXFileReference section */

/* Begin PBXFrameworksBuildPhase section */
		A5DB570727BE6F62000216B4 /* Frameworks */ = {
			isa = PBXFrameworksBuildPhase;
			buildActionMask = 2147483647;
			files = (
			);
			runOnlyForDeploymentPostprocessing = 0;
		};
		A5DB571D27BE6F63000216B4 /* Frameworks */ = {
			isa = PBXFrameworksBuildPhase;
			buildActionMask = 2147483647;
			files = (
			);
			runOnlyForDeploymentPostprocessing = 0;
		};
		A5DB572727BE6F63000216B4 /* Frameworks */ = {
			isa = PBXFrameworksBuildPhase;
			buildActionMask = 2147483647;
			files = (
			);
			runOnlyForDeploymentPostprocessing = 0;
		};
/* End PBXFrameworksBuildPhase section */

/* Begin PBXGroup section */
		A5DB570127BE6F62000216B4 = {
			isa = PBXGroup;
			children = (
				A5DB570C27BE6F62000216B4 /* NumberDemo */,
				A5DB572327BE6F63000216B4 /* NumberDemoTests */,
				A5DB572D27BE6F63000216B4 /* NumberDemoUITests */,
				A5DB570B27BE6F62000216B4 /* Products */,
			);
			sourceTree = "<group>";
		};
		A5DB570B27BE6F62000216B4 /* Products */ = {
			isa = PBXGroup;
			children = (
				A5DB570A27BE6F62000216B4 /* NumberDemo.app */,
				A5DB572027BE6F63000216B4 /* NumberDemoTests.xctest */,
				A5DB572A27BE6F63000216B4 /* NumberDemoUITests.xctest */,
			);
			name = Products;
			sourceTree = "<group>";
		};
		A5DB570C27BE6F62000216B4 /* NumberDemo */ = {
			isa = PBXGroup;
			children = (
				A5DB570D27BE6F62000216B4 /* AppDelegate.swift */,
				A5DB570F27BE6F62000216B4 /* SceneDelegate.swift */,
				A5DB571127BE6F62000216B4 /* ViewController.swift */,
				A5DB571327BE6F62000216B4 /* Main.storyboard */,
				A5DB571627BE6F62000216B4 /* Assets.xcassets */,
				A5DB571827BE6F62000216B4 /* LaunchScreen.storyboard */,
				A5DB571B27BE6F62000216B4 /* Info.plist */,
			);
			path = NumberDemo;
			sourceTree = "<group>";
		};
		A5DB572327BE6F63000216B4 /* NumberDemoTests */ = {
			isa = PBXGroup;
			children = (
				A5DB572427BE6F63000216B4 /* NumberDemoTests.swift */,
			);
			path = NumberDemoTests;
			sourceTree = "<group>";
		};
		A5DB572D27BE6F63000216B4 /* NumberDemoUITests */ = {
			isa = PBXGroup;
			children = (
				A5DB572E27BE6F63000216B4 /* NumberDemoUITests.swift */,
				A5DB573027BE6F63000216B4 /* NumberDemoUITestsLaunchTests.swift */,
			);
			path = NumberDemoUITests;
			sourceTree = "<group>";
		};
/* End PBXGroup section */

/* Begin PBXNativeTarget section */
		A5DB570927BE6F62000216B4 /* NumberDemo */ = {
			isa = PBXNativeTarget;
			buildConfigurationList = A5DB573427BE6F63000216B4 /* Build configuration list for PBXNativeTarget "NumberDemo" */;
			buildPhases = (
				A5DB570627BE6F62000216B4 /* Sources */,
				A5DB570727BE6F62000216B4 /* Frameworks */,
				A5DB570827BE6F62000216B4 /* Resources */,
			);
			buildRules = (
			);
			dependencies = (
			);
			name = NumberDemo;
			productName = NumberDemo;
			productReference = A5DB570A27BE6F62000216B4 /* NumberDemo.app */;
			productType = "com.apple.product-type.application";
		};
		A5DB571F27BE6F63000216B4 /* NumberDemoTests */ = {
			isa = PBXNativeTarget;
			buildConfigurationList = A5DB573727BE6F63000216B4 /* Build configuration list for PBXNativeTarget "NumberDemoTests" */;
			buildPhases = (
				A5DB571C27BE6F63000216B4 /* Sources */,
				A5DB571D27BE6F63000216B4 /* Frameworks */,
				A5DB571E27BE6F63000216B4 /* Resources */,
			);
			buildRules = (
			);
			dependencies = (
				A5DB572227BE6F63000216B4 /* PBXTargetDependency */,
			);
			name = NumberDemoTests;
			productName = NumberDemoTests;
			productReference = A5DB572027BE6F63000216B4 /* NumberDemoTests.xctest */;
			productType = "com.apple.product-type.bundle.unit-test";
		};
		A5DB572927BE6F63000216B4 /* NumberDemoUITests */ = {
			isa = PBXNativeTarget;
			buildConfigurationList = A5DB573A27BE6F63000216B4 /* Build configuration list for PBXNativeTarget "NumberDemoUITests" */;
			buildPhases = (
				A5DB572627BE6F63000216B4 /* Sources */,
				A5DB572727BE6F63000216B4 /* Frameworks */,
				A5DB572827BE6F63000216B4 /* Resources */,
			);
			buildRules = (
			);
			dependencies = (
				A5DB572C27BE6F63000216B4 /* PBXTargetDependency */,
			);
			name = NumberDemoUITests;
			productName = NumberDemoUITests;
			productReference = A5DB572A27BE6F63000216B4 /* NumberDemoUITests.xctest */;
			productType = "com.apple.product-type.bundle.ui-testing";
		};
/* End PBXNativeTarget section */

/* Begin PBXProject section */
		A5DB570227BE6F62000216B4 /* Project object */ = {
			isa = PBXProject;
			attributes = {
				BuildIndependentTargetsInParallel = 1;
				LastSwiftUpdateCheck = 1320;
				LastUpgradeCheck = 1320;
				TargetAttributes = {
					A5DB570927BE6F62000216B4 = {
						CreatedOnToolsVersion = 13.2.1;
					};
					A5DB571F27BE6F63000216B4 = {
						CreatedOnToolsVersion = 13.2.1;
						TestTargetID = A5DB570927BE6F62000216B4;
					};
					A5DB572927BE6F63000216B4 = {
						CreatedOnToolsVersion = 13.2.1;
						TestTargetID = A5DB570927BE6F62000216B4;
					};
				};
			};
			buildConfigurationList = A5DB570527BE6F62000216B4 /* Build configuration list for PBXProject "NumberDemo" */;
			compatibilityVersion = "Xcode 13.0";
			developmentRegion = en;
			hasScannedForEncodings = 0;
			knownRegions = (
				en,
				Base,
			);
			mainGroup = A5DB570127BE6F62000216B4;
			productRefGroup = A5DB570B27BE6F62000216B4 /* Products */;
			projectDirPath = "";
			projectRoot = "";
			targets = (
				A5DB570927BE6F62000216B4 /* NumberDemo */,
				A5DB571F27BE6F63000216B4 /* NumberDemoTests */,
				A5DB572927BE6F63000216B4 /* NumberDemoUITests */,
			);
		};
/* End PBXProject section */

/* Begin PBXResourcesBuildPhase section */
		A5DB570827BE6F62000216B4 /* Resources */ = {
			isa = PBXResourcesBuildPhase;
			buildActionMask = 2147483647;
			files = (
				A5DB571A27BE6F62000216B4 /* LaunchScreen.storyboard in Resources */,
				A5DB571727BE6F62000216B4 /* Assets.xcassets in Resources */,
				A5DB571527BE6F62000216B4 /* Main.storyboard in Resources */,
			);
			runOnlyForDeploymentPostprocessing = 0;
		};
		A5DB571E27BE6F63000216B4 /* Resources */ = {
			isa = PBXResourcesBuildPhase;
			buildActionMask = 2147483647;
			files = (
			);
			runOnlyForDeploymentPostprocessing = 0;
		};
		A5DB572827BE6F63000216B4 /* Resources */ = {
			isa = PBXResourcesBuildPhase;
			buildActionMask = 2147483647;
			files = (
			);
			runOnlyForDeploymentPostprocessing = 0;
		};
/* End PBXResourcesBuildPhase section */

/* Begin PBXSourcesBuildPhase section */
		A5DB570627BE6F62000216B4 /* Sources */ = {
			isa = PBXSourcesBuildPhase;
			buildActionMask = 2147483647;
			files = (
				A5DB571227BE6F62000216B4 /* ViewController.swift in Sources */,
				A5DB570E27BE6F62000216B4 /* AppDelegate.swift in Sources */,
				A5DB571027BE6F62000216B4 /* SceneDelegate.swift in Sources */,
			);
			runOnlyForDeploymentPostprocessing = 0;
		};
		A5DB571C27BE6F63000216B4 /* Sources */ = {
			isa = PBXSourcesBuildPhase;
			buildActionMask = 2147483647;
			files = (
				A5DB572527BE6F63000216B4 /* NumberDemoTests.swift in Sources */,
			);
			runOnlyForDeploymentPostprocessing = 0;
		};
		A5DB572627BE6F63000216B4 /* Sources */ = {
			isa = PBXSourcesBuildPhase;
			buildActionMask = 2147483647;
			files = (
				A5DB573127BE6F63000216B4 /* NumberDemoUITestsLaunchTests.swift in Sources */,
				A5DB572F27BE6F63000216B4 /* NumberDemoUITests.swift in Sources */,
			);
			runOnlyForDeploymentPostprocessing = 0;
		};
/* End PBXSourcesBuildPhase section */

/* Begin PBXTargetDependency section */
		A5DB572227BE6F63000216B4 /* PBXTargetDependency */ = {
			isa = PBXTargetDependency;
			target = A5DB570927BE6F62000216B4 /* NumberDemo */;
			targetProxy = A5DB572127BE6F63000216B4 /* PBXContainerItemProxy */;
		};
		A5DB572C27BE6F63000216B4 /* PBXTargetDependency */ = {
			isa = PBXTargetDependency;
			target = A5DB570927BE6F62000216B4 /* NumberDemo */;
			targetProxy = A5DB572B27BE6F63000216B4 /* PBXContainerItemProxy */;
		};
/* End PBXTargetDependency section */

/* Begin PBXVariantGroup section */
		A5DB571327BE6F62000216B4 /* Main.storyboard */ = {
			isa = PBXVariantGroup;
			children = (
				A5DB571427BE6F62000216B4 /* Base */,
			);
			name = Main.storyboard;
			sourceTree = "<group>";
		};
		A5DB571827BE6F62000216B4 /* LaunchScreen.storyboard */ = {
			isa = PBXVariantGroup;
			children = (
				A5DB571927BE6F62000216B4 /* Base */,
			);
			name = LaunchScreen.storyboard;
			sourceTree = "<group>";
		};
/* End PBXVariantGroup section */

/* Begin XCBuildConfiguration section */
		A5DB573227BE6F63000216B4 /* Debug */ = {
			isa = XCBuildConfiguration;
			buildSettings = {
				ALWAYS_SEARCH_USER_PATHS = NO;
				CLANG_ANALYZER_NONNULL = YES;
				CLANG_ANALYZER_NUMBER_OBJECT_CONVERSION = YES_AGGRESSIVE;
				CLANG_CXX_LANGUAGE_STANDARD = "gnu++17";
				CLANG_CXX_LIBRARY = "libc++";
				CLANG_ENABLE_MODULES = YES;
				CLANG_ENABLE_OBJC_ARC = YES;
				CLANG_ENABLE_OBJC_WEAK = YES;
				CLANG_WARN_BLOCK_CAPTURE_AUTORELEASING = YES;
				CLANG_WARN_BOOL_CONVERSION = YES;
				CLANG_WARN_COMMA = YES;
				CLANG_WARN_CONSTANT_CONVERSION = YES;
				CLANG_WARN_DEPRECATED_OBJC_IMPLEMENTATIONS = YES;
				CLANG_WARN_DIRECT_OBJC_ISA_USAGE = YES_ERROR;
				CLANG_WARN_DOCUMENTATION_COMMENTS = YES;
				CLANG_WARN_EMPTY_BODY = YES;
				CLANG_WARN_ENUM_CONVERSION = YES;
				CLANG_WARN_INFINITE_RECURSION = YES;
				CLANG_WARN_INT_CONVERSION = YES;
				CLANG_WARN_NON_LITERAL_NULL_CONVERSION = YES;
				CLANG_WARN_OBJC_IMPLICIT_RETAIN_SELF = YES;
				CLANG_WARN_OBJC_LITERAL_CONVERSION = YES;
				CLANG_WARN_OBJC_ROOT_CLASS = YES_ERROR;
				CLANG_WARN_QUOTED_INCLUDE_IN_FRAMEWORK_HEADER = YES;
				CLANG_WARN_RANGE_LOOP_ANALYSIS = YES;
				CLANG_WARN_STRICT_PROTOTYPES = YES;
				CLANG_WARN_SUSPICIOUS_MOVE = YES;
				CLANG_WARN_UNGUARDED_AVAILABILITY = YES_AGGRESSIVE;
				CLANG_WARN_UNREACHABLE_CODE = YES;
				CLANG_WARN__DUPLICATE_METHOD_MATCH = YES;
				COPY_PHASE_STRIP = NO;
				DEBUG_INFORMATION_FORMAT = dwarf;
				ENABLE_STRICT_OBJC_MSGSEND = YES;
				ENABLE_TESTABILITY = YES;
				GCC_C_LANGUAGE_STANDARD = gnu11;
				GCC_DYNAMIC_NO_PIC = NO;
				GCC_NO_COMMON_BLOCKS = YES;
				GCC_OPTIMIZATION_LEVEL = 0;
				GCC_PREPROCESSOR_DEFINITIONS = (
					"DEBUG=1",
					"$(inherited)",
				);
				GCC_WARN_64_TO_32_BIT_CONVERSION = YES;
				GCC_WARN_ABOUT_RETURN_TYPE = YES_ERROR;
				GCC_WARN_UNDECLARED_SELECTOR = YES;
				GCC_WARN_UNINITIALIZED_AUTOS = YES_AGGRESSIVE;
				GCC_WARN_UNUSED_FUNCTION = YES;
				GCC_WARN_UNUSED_VARIABLE = YES;
				IPHONEOS_DEPLOYMENT_TARGET = 15.2;
				MTL_ENABLE_DEBUG_INFO = INCLUDE_SOURCE;
				MTL_FAST_MATH = YES;
				ONLY_ACTIVE_ARCH = YES;
				SDKROOT = iphoneos;
				SWIFT_ACTIVE_COMPILATION_CONDITIONS = DEBUG;
				SWIFT_OPTIMIZATION_LEVEL = "-Onone";
			};
			name = Debug;
		};
		A5DB573327BE6F63000216B4 /* Release */ = {
			isa = XCBuildConfiguration;
			buildSettings = {
				ALWAYS_SEARCH_USER_PATHS = NO;
				CLANG_ANALYZER_NONNULL = YES;
				CLANG_ANALYZER_NUMBER_OBJECT_CONVERSION = YES_AGGRESSIVE;
				CLANG_CXX_LANGUAGE_STANDARD = "gnu++17";
				CLANG_CXX_LIBRARY = "libc++";
				CLANG_ENABLE_MODULES = YES;
				CLANG_ENABLE_OBJC_ARC = YES;
				CLANG_ENABLE_OBJC_WEAK = YES;
				CLANG_WARN_BLOCK_CAPTURE_AUTORELEASING = YES;
				CLANG_WARN_BOOL_CONVERSION = YES;
				CLANG_WARN_COMMA = YES;
				CLANG_WARN_CONSTANT_CONVERSION = YES;
				CLANG_WARN_DEPRECATED_OBJC_IMPLEMENTATIONS = YES;
				CLANG_WARN_DIRECT_OBJC_ISA_USAGE = YES_ERROR;
				CLANG_WARN_DOCUMENTATION_COMMENTS = YES;
				CLANG_WARN_EMPTY_BODY = YES;
				CLANG_WARN_ENUM_CONVERSION = YES;
				CLANG_WARN_INFINITE_RECURSION = YES;
				CLANG_WARN_INT_CONVERSION = YES;
				CLANG_WARN_NON_LITERAL_NULL_CONVERSION = YES;
				CLANG_WARN_OBJC_IMPLICIT_RETAIN_SELF = YES;
				CLANG_WARN_OBJC_LITERAL_CONVERSION = YES;
				CLANG_WARN_OBJC_ROOT_CLASS = YES_ERROR;
				CLANG_WARN_QUOTED_INCLUDE_IN_FRAMEWORK_HEADER = YES;
				CLANG_WARN_RANGE_LOOP_ANALYSIS = YES;
				CLANG_WARN_STRICT_PROTOTYPES = YES;
				CLANG_WARN_SUSPICIOUS_MOVE = YES;
				CLANG_WARN_UNGUARDED_AVAILABILITY = YES_AGGRESSIVE;
				CLANG_WARN_UNREACHABLE_CODE = YES;
				CLANG_WARN__DUPLICATE_METHOD_MATCH = YES;
				COPY_PHASE_STRIP = NO;
				DEBUG_INFORMATION_FORMAT = "dwarf-with-dsym";
				ENABLE_NS_ASSERTIONS = NO;
				ENABLE_STRICT_OBJC_MSGSEND = YES;
				GCC_C_LANGUAGE_STANDARD = gnu11;
				GCC_NO_COMMON_BLOCKS = YES;
				GCC_WARN_64_TO_32_BIT_CONVERSION = YES;
				GCC_WARN_ABOUT_RETURN_TYPE = YES_ERROR;
				GCC_WARN_UNDECLARED_SELECTOR = YES;
				GCC_WARN_UNINITIALIZED_AUTOS = YES_AGGRESSIVE;
				GCC_WARN_UNUSED_FUNCTION = YES;
				GCC_WARN_UNUSED_VARIABLE = YES;
				IPHONEOS_DEPLOYMENT_TARGET = 15.2;
				MTL_ENABLE_DEBUG_INFO = NO;
				MTL_FAST_MATH = YES;
				SDKROOT = iphoneos;
				SWIFT_COMPILATION_MODE = wholemodule;
				SWIFT_OPTIMIZATION_LEVEL = "-O";
				VALIDATE_PRODUCT = YES;
			};
			name = Release;
		};
		A5DB573527BE6F63000216B4 /* Debug */ = {
			isa = XCBuildConfiguration;
			buildSettings = {
				ASSETCATALOG_COMPILER_APPICON_NAME = AppIcon;
				ASSETCATALOG_COMPILER_GLOBAL_ACCENT_COLOR_NAME = AccentColor;
				CODE_SIGN_STYLE = Automatic;
				CURRENT_PROJECT_VERSION = 1;
				GENERATE_INFOPLIST_FILE = YES;
				INFOPLIST_FILE = NumberDemo/Info.plist;
				INFOPLIST_KEY_UIApplicationSupportsIndirectInputEvents = YES;
				INFOPLIST_KEY_UILaunchStoryboardName = LaunchScreen;
				INFOPLIST_KEY_UIMainStoryboardFile = Main;
				INFOPLIST_KEY_UISupportedInterfaceOrientations_iPad = "UIInterfaceOrientationPortrait UIInterfaceOrientationPortraitUpsideDown UIInterfaceOrientationLandscapeLeft UIInterfaceOrientationLandscapeRight";
				INFOPLIST_KEY_UISupportedInterfaceOrientations_iPhone = "UIInterfaceOrientationPortrait UIInterfaceOrientationLandscapeLeft UIInterfaceOrientationLandscapeRight";
				LD_RUNPATH_SEARCH_PATHS = (
					"$(inherited)",
					"@executable_path/Frameworks",
				);
				MARKETING_VERSION = 1.0;
				PRODUCT_BUNDLE_IDENTIFIER = HUIBEIzZ.NumberDemo;
				PRODUCT_NAME = "$(TARGET_NAME)";
				SWIFT_EMIT_LOC_STRINGS = YES;
				SWIFT_VERSION = 5.0;
				TARGETED_DEVICE_FAMILY = "1,2";
			};
			name = Debug;
		};
		A5DB573627BE6F63000216B4 /* Release */ = {
			isa = XCBuildConfiguration;
			buildSettings = {
				ASSETCATALOG_COMPILER_APPICON_NAME = AppIcon;
				ASSETCATALOG_COMPILER_GLOBAL_ACCENT_COLOR_NAME = AccentColor;
				CODE_SIGN_STYLE = Automatic;
				CURRENT_PROJECT_VERSION = 1;
				GENERATE_INFOPLIST_FILE = YES;
				INFOPLIST_FILE = NumberDemo/Info.plist;
				INFOPLIST_KEY_UIApplicationSupportsIndirectInputEvents = YES;
				INFOPLIST_KEY_UILaunchStoryboardName = LaunchScreen;
				INFOPLIST_KEY_UIMainStoryboardFile = Main;
				INFOPLIST_KEY_UISupportedInterfaceOrientations_iPad = "UIInterfaceOrientationPortrait UIInterfaceOrientationPortraitUpsideDown UIInterfaceOrientationLandscapeLeft UIInterfaceOrientationLandscapeRight";
				INFOPLIST_KEY_UISupportedInterfaceOrientations_iPhone = "UIInterfaceOrientationPortrait UIInterfaceOrientationLandscapeLeft UIInterfaceOrientationLandscapeRight";
				LD_RUNPATH_SEARCH_PATHS = (
					"$(inherited)",
					"@executable_path/Frameworks",
				);
				MARKETING_VERSION = 1.0;
				PRODUCT_BUNDLE_IDENTIFIER = HUIBEIzZ.NumberDemo;
				PRODUCT_NAME = "$(TARGET_NAME)";
				SWIFT_EMIT_LOC_STRINGS = YES;
				SWIFT_VERSION = 5.0;
				TARGETED_DEVICE_FAMILY = "1,2";
			};
			name = Release;
		};
		A5DB573827BE6F63000216B4 /* Debug */ = {
			isa = XCBuildConfiguration;
			buildSettings = {
				ALWAYS_EMBED_SWIFT_STANDARD_LIBRARIES = YES;
				BUNDLE_LOADER = "$(TEST_HOST)";
				CODE_SIGN_STYLE = Automatic;
				CURRENT_PROJECT_VERSION = 1;
				GENERATE_INFOPLIST_FILE = YES;
				IPHONEOS_DEPLOYMENT_TARGET = 15.2;
				MARKETING_VERSION = 1.0;
				PRODUCT_BUNDLE_IDENTIFIER = HUIBEIzZ.NumberDemoTests;
				PRODUCT_NAME = "$(TARGET_NAME)";
				SWIFT_EMIT_LOC_STRINGS = NO;
				SWIFT_VERSION = 5.0;
				TARGETED_DEVICE_FAMILY = "1,2";
				TEST_HOST = "$(BUILT_PRODUCTS_DIR)/NumberDemo.app/NumberDemo";
			};
			name = Debug;
		};
		A5DB573927BE6F63000216B4 /* Release */ = {
			isa = XCBuildConfiguration;
			buildSettings = {
				ALWAYS_EMBED_SWIFT_STANDARD_LIBRARIES = YES;
				BUNDLE_LOADER = "$(TEST_HOST)";
				CODE_SIGN_STYLE = Automatic;
				CURRENT_PROJECT_VERSION = 1;
				GENERATE_INFOPLIST_FILE = YES;
				IPHONEOS_DEPLOYMENT_TARGET = 15.2;
				MARKETING_VERSION = 1.0;
				PRODUCT_BUNDLE_IDENTIFIER = HUIBEIzZ.NumberDemoTests;
				PRODUCT_NAME = "$(TARGET_NAME)";
				SWIFT_EMIT_LOC_STRINGS = NO;
				SWIFT_VERSION = 5.0;
				TARGETED_DEVICE_FAMILY = "1,2";
				TEST_HOST = "$(BUILT_PRODUCTS_DIR)/NumberDemo.app/NumberDemo";
			};
			name = Release;
		};
		A5DB573B27BE6F63000216B4 /* Debug */ = {
			isa = XCBuildConfiguration;
			buildSettings = {
				ALWAYS_EMBED_SWIFT_STANDARD_LIBRARIES = YES;
				CODE_SIGN_STYLE = Automatic;
				CURRENT_PROJECT_VERSION = 1;
				GENERATE_INFOPLIST_FILE = YES;
				MARKETING_VERSION = 1.0;
				PRODUCT_BUNDLE_IDENTIFIER = HUIBEIzZ.NumberDemoUITests;
				PRODUCT_NAME = "$(TARGET_NAME)";
				SWIFT_EMIT_LOC_STRINGS = NO;
				SWIFT_VERSION = 5.0;
				TARGETED_DEVICE_FAMILY = "1,2";
				TEST_TARGET_NAME = NumberDemo;
			};
			name = Debug;
		};
		A5DB573C27BE6F63000216B4 /* Release */ = {
			isa = XCBuildConfiguration;
			buildSettings = {
				ALWAYS_EMBED_SWIFT_STANDARD_LIBRARIES = YES;
				CODE_SIGN_STYLE = Automatic;
				CURRENT_PROJECT_VERSION = 1;
				GENERATE_INFOPLIST_FILE = YES;
				MARKETING_VERSION = 1.0;
				PRODUCT_BUNDLE_IDENTIFIER = HUIBEIzZ.NumberDemoUITests;
				PRODUCT_NAME = "$(TARGET_NAME)";
				SWIFT_EMIT_LOC_STRINGS = NO;
				SWIFT_VERSION = 5.0;
				TARGETED_DEVICE_FAMILY = "1,2";
				TEST_TARGET_NAME = NumberDemo;
			};
			name = Release;
		};
/* End XCBuildConfiguration section */

/* Begin XCConfigurationList section */
		A5DB570527BE6F62000216B4 /* Build configuration list for PBXProject "NumberDemo" */ = {
			isa = XCConfigurationList;
			buildConfigurations = (
				A5DB573227BE6F63000216B4 /* Debug */,
				A5DB573327BE6F63000216B4 /* Release */,
			);
			defaultConfigurationIsVisible = 0;
			defaultConfigurationName = Release;
		};
		A5DB573427BE6F63000216B4 /* Build configuration list for PBXNativeTarget "NumberDemo" */ = {
			isa = XCConfigurationList;
			buildConfigurations = (
				A5DB573527BE6F63000216B4 /* Debug */,
				A5DB573627BE6F63000216B4 /* Release */,
			);
			defaultConfigurationIsVisible = 0;
			defaultConfigurationName = Release;
		};
		A5DB573727BE6F63000216B4 /* Build configuration list for PBXNativeTarget "NumberDemoTests" */ = {
			isa = XCConfigurationList;
			buildConfigurations = (
				A5DB573827BE6F63000216B4 /* Debug */,
				A5DB573927BE6F63000216B4 /* Release */,
			);
			defaultConfigurationIsVisible = 0;
			defaultConfigurationName = Release;
		};
		A5DB573A27BE6F63000216B4 /* Build configuration list for PBXNativeTarget "NumberDemoUITests" */ = {
			isa = XCConfigurationList;
			buildConfigurations = (
				A5DB573B27BE6F63000216B4 /* Debug */,
				A5DB573C27BE6F63000216B4 /* Release */,
			);
			defaultConfigurationIsVisible = 0;
			defaultConfigurationName = Release;
		};
/* End XCConfigurationList section */
	};
	rootObject = A5DB570227BE6F62000216B4 /* Project object */;
}
